
Microsoft Visual Studio Solution File, Format Version 12.00
# Visual Studio 15
VisualStudioVersion = 15.0.28010.2036
MinimumVisualStudioVersion = 10.0.40219.1
Project("{FAE04EC0-301F-11D3-BF4B-00C04F79EFBC}") = "jogr.Android", "jogr\jogr.Android\jogr.Android.csproj", "{DA7DE5BB-096D-4C3C-815D-51724FE4B5A0}"
EndProject
Project("{FAE04EC0-301F-11D3-BF4B-00C04F79EFBC}") = "jogr.iOS", "jogr\jogr.iOS\jogr.iOS.csproj", "{ED5E34C5-F4D0-40AE-A54D-AC8EFB9BDBA5}"
EndProject
Project("{FAE04EC0-301F-11D3-BF4B-00C04F79EFBC}") = "jogr", "jogr\jogr\jogr.csproj", "{0FD6AE65-9B01-4141-AD7B-7D68F4A4AC79}"
EndProject
Global
	GlobalSection(SolutionConfigurationPlatforms) = preSolution
		Ad-Hoc|Any CPU = Ad-Hoc|Any CPU
		Ad-Hoc|iPhone = Ad-Hoc|iPhone
		Ad-Hoc|iPhoneSimulator = Ad-Hoc|iPhoneSimulator
		AppStore|Any CPU = AppStore|Any CPU
		AppStore|iPhone = AppStore|iPhone
		AppStore|iPhoneSimulator = AppStore|iPhoneSimulator
		Debug|Any CPU = Debug|Any CPU
		Debug|iPhone = Debug|iPhone
		Debug|iPhoneSimulator = Debug|iPhoneSimulator
		Release|Any CPU = Release|Any CPU
		Release|iPhone = Release|iPhone
		Release|iPhoneSimulator = Release|iPhoneSimulator
	EndGlobalSection
	GlobalSection(ProjectConfigurationPlatforms) = postSolution
		{DA7DE5BB-096D-4C3C-815D-51724FE4B5A0}.Ad-Hoc|Any CPU.ActiveCfg = Release|Any CPU
		{DA7DE5BB-096D-4C3C-815D-51724FE4B5A0}.Ad-Hoc|Any CPU.Build.0 = Release|Any CPU
		{DA7DE5BB-096D-4C3C-815D-51724FE4B5A0}.Ad-Hoc|Any CPU.Deploy.0 = Release|Any CPU
		{DA7DE5BB-096D-4C3C-815D-51724FE4B5A0}.Ad-Hoc|iPhone.ActiveCfg = Release|Any CPU
		{DA7DE5BB-096D-4C3C-815D-51724FE4B5A0}.Ad-Hoc|iPhone.Build.0 = Release|Any CPU
		{DA7DE5BB-096D-4C3C-815D-51724FE4B5A0}.Ad-Hoc|iPhone.Deploy.0 = Release|Any CPU
		{DA7DE5BB-096D-4C3C-815D-51724FE4B5A0}.Ad-Hoc|iPhoneSimulator.ActiveCfg = Release|Any CPU
		{DA7DE5BB-096D-4C3C-815D-51724FE4B5A0}.Ad-Hoc|iPhoneSimulator.Build.0 = Release|Any CPU
		{DA7DE5BB-096D-4C3C-815D-51724FE4B5A0}.Ad-Hoc|iPhoneSimulator.Deploy.0 = Release|Any CPU
		{DA7DE5BB-096D-4C3C-815D-51724FE4B5A0}.AppStore|Any CPU.ActiveCfg = Release|Any CPU
		{DA7DE5BB-096D-4C3C-815D-51724FE4B5A0}.AppStore|Any CPU.Build.0 = Release|Any CPU
		{DA7DE5BB-096D-4C3C-815D-51724FE4B5A0}.AppStore|Any CPU.Deploy.0 = Release|Any CPU
		{DA7DE5BB-096D-4C3C-815D-51724FE4B5A0}.AppStore|iPhone.ActiveCfg = Release|Any CPU
		{DA7DE5BB-096D-4C3C-815D-51724FE4B5A0}.AppStore|iPhone.Build.0 = Release|Any CPU
		{DA7DE5BB-096D-4C3C-815D-51724FE4B5A0}.AppStore|iPhone.Deploy.0 = Release|Any CPU
		{DA7DE5BB-096D-4C3C-815D-51724FE4B5A0}.AppStore|iPhoneSimulator.ActiveCfg = Release|Any CPU
		{DA7DE5BB-096D-4C3C-815D-51724FE4B5A0}.AppStore|iPhoneSimulator.Build.0 = Release|Any CPU
		{DA7DE5BB-096D-4C3C-815D-51724FE4B5A0}.AppStore|iPhoneSimulator.Deploy.0 = Release|Any CPU
		{DA7DE5BB-096D-4C3C-815D-51724FE4B5A0}.Debug|Any CPU.ActiveCfg = Debug|Any CPU
		{DA7DE5BB-096D-4C3C-815D-51724FE4B5A0}.Debug|Any CPU.Build.0 = Debug|Any CPU
		{DA7DE5BB-096D-4C3C-815D-51724FE4B5A0}.Debug|Any CPU.Deploy.0 = Debug|Any CPU
		{DA7DE5BB-096D-4C3C-815D-51724FE4B5A0}.Debug|iPhone.ActiveCfg = Debug|Any CPU
		{DA7DE5BB-096D-4C3C-815D-51724FE4B5A0}.Debug|iPhone.Build.0 = Debug|Any CPU
		{DA7DE5BB-096D-4C3C-815D-51724FE4B5A0}.Debug|iPhone.Deploy.0 = Debug|Any CPU
		{DA7DE5BB-096D-4C3C-815D-51724FE4B5A0}.Debug|iPhoneSimulator.ActiveCfg = Debug|Any CPU
		{DA7DE5BB-096D-4C3C-815D-51724FE4B5A0}.Debug|iPhoneSimulator.Build.0 = Debug|Any CPU
		{DA7DE5BB-096D-4C3C-815D-51724FE4B5A0}.Debug|iPhoneSimulator.Deploy.0 = Debug|Any CPU
		{DA7DE5BB-096D-4C3C-815D-51724FE4B5A0}.Release|Any CPU.ActiveCfg = Release|Any CPU
		{DA7DE5BB-096D-4C3C-815D-51724FE4B5A0}.Release|Any CPU.Build.0 = Release|Any CPU
		{DA7DE5BB-096D-4C3C-815D-51724FE4B5A0}.Release|Any CPU.Deploy.0 = Release|Any CPU
		{DA7DE5BB-096D-4C3C-815D-51724FE4B5A0}.Release|iPhone.ActiveCfg = Release|Any CPU
		{DA7DE5BB-096D-4C3C-815D-51724FE4B5A0}.Release|iPhone.Build.0 = Release|Any CPU
		{DA7DE5BB-096D-4C3C-815D-51724FE4B5A0}.Release|iPhone.Deploy.0 = Release|Any CPU
		{DA7DE5BB-096D-4C3C-815D-51724FE4B5A0}.Release|iPhoneSimulator.ActiveCfg = Release|Any CPU
		{DA7DE5BB-096D-4C3C-815D-51724FE4B5A0}.Release|iPhoneSimulator.Build.0 = Release|Any CPU
		{DA7DE5BB-096D-4C3C-815D-51724FE4B5A0}.Release|iPhoneSimulator.Deploy.0 = Release|Any CPU
		{ED5E34C5-F4D0-40AE-A54D-AC8EFB9BDBA5}.Ad-Hoc|Any CPU.ActiveCfg = Ad-Hoc|iPhone
		{ED5E34C5-F4D0-40AE-A54D-AC8EFB9BDBA5}.Ad-Hoc|Any CPU.Build.0 = Ad-Hoc|iPhone
		{ED5E34C5-F4D0-40AE-A54D-AC8EFB9BDBA5}.Ad-Hoc|Any CPU.Deploy.0 = Ad-Hoc|iPhone
		{ED5E34C5-F4D0-40AE-A54D-AC8EFB9BDBA5}.Ad-Hoc|iPhone.ActiveCfg = Ad-Hoc|iPhone
		{ED5E34C5-F4D0-40AE-A54D-AC8EFB9BDBA5}.Ad-Hoc|iPhone.Build.0 = Ad-Hoc|iPhone
		{ED5E34C5-F4D0-40AE-A54D-AC8EFB9BDBA5}.Ad-Hoc|iPhone.Deploy.0 = Ad-Hoc|iPhone
		{ED5E34C5-F4D0-40AE-A54D-AC8EFB9BDBA5}.Ad-Hoc|iPhoneSimulator.ActiveCfg = Ad-Hoc|iPhoneSimulator
		{ED5E34C5-F4D0-40AE-A54D-AC8EFB9BDBA5}.Ad-Hoc|iPhoneSimulator.Build.0 = Ad-Hoc|iPhoneSimulator
		{ED5E34C5-F4D0-40AE-A54D-AC8EFB9BDBA5}.Ad-Hoc|iPhoneSimulator.Deploy.0 = Ad-Hoc|iPhoneSimulator
		{ED5E34C5-F4D0-40AE-A54D-AC8EFB9BDBA5}.AppStore|Any CPU.ActiveCfg = AppStore|iPhone
		{ED5E34C5-F4D0-40AE-A54D-AC8EFB9BDBA5}.AppStore|Any CPU.Build.0 = AppStore|iPhone
		{ED5E34C5-F4D0-40AE-A54D-AC8EFB9BDBA5}.AppStore|Any CPU.Deploy.0 = AppStore|iPhone
		{ED5E34C5-F4D0-40AE-A54D-AC8EFB9BDBA5}.AppStore|iPhone.ActiveCfg = AppStore|iPhone
		{ED5E34C5-F4D0-40AE-A54D-AC8EFB9BDBA5}.AppStore|iPhone.Build.0 = AppStore|iPhone
		{ED5E34C5-F4D0-40AE-A54D-AC8EFB9BDBA5}.AppStore|iPhone.Deploy.0 = AppStore|iPhone
		{ED5E34C5-F4D0-40AE-A54D-AC8EFB9BDBA5}.AppStore|iPhoneSimulator.ActiveCfg = AppStore|iPhoneSimulator
		{ED5E34C5-F4D0-40AE-A54D-AC8EFB9BDBA5}.AppStore|iPhoneSimulator.Build.0 = AppStore|iPhoneSimulator
		{ED5E34C5-F4D0-40AE-A54D-AC8EFB9BDBA5}.AppStore|iPhoneSimulator.Deploy.0 = AppStore|iPhoneSimulator
		{ED5E34C5-F4D0-40AE-A54D-AC8EFB9BDBA5}.Debug|Any CPU.ActiveCfg = Debug|iPhoneSimulator
		{ED5E34C5-F4D0-40AE-A54D-AC8EFB9BDBA5}.Debug|Any CPU.Build.0 = Debug|iPhoneSimulator
		{ED5E34C5-F4D0-40AE-A54D-AC8EFB9BDBA5}.Debug|Any CPU.Deploy.0 = Debug|iPhoneSimulator
		{ED5E34C5-F4D0-40AE-A54D-AC8EFB9BDBA5}.Debug|iPhone.ActiveCfg = Debug|iPhone
		{ED5E34C5-F4D0-40AE-A54D-AC8EFB9BDBA5}.Debug|iPhone.Build.0 = Debug|iPhone
		{ED5E34C5-F4D0-40AE-A54D-AC8EFB9BDBA5}.Debug|iPhone.Deploy.0 = Debug|iPhone
		{ED5E34C5-F4D0-40AE-A54D-AC8EFB9BDBA5}.Debug|iPhoneSimulator.ActiveCfg = Debug|iPhoneSimulator
		{ED5E34C5-F4D0-40AE-A54D-AC8EFB9BDBA5}.Debug|iPhoneSimulator.Build.0 = Debug|iPhoneSimulator
		{ED5E34C5-F4D0-40AE-A54D-AC8EFB9BDBA5}.Debug|iPhoneSimulator.Deploy.0 = Debug|iPhoneSimulator
		{ED5E34C5-F4D0-40AE-A54D-AC8EFB9BDBA5}.Release|Any CPU.ActiveCfg = Release|iPhone
		{ED5E34C5-F4D0-40AE-A54D-AC8EFB9BDBA5}.Release|Any CPU.Build.0 = Release|iPhone
		{ED5E34C5-F4D0-40AE-A54D-AC8EFB9BDBA5}.Release|Any CPU.Deploy.0 = Release|iPhone
		{ED5E34C5-F4D0-40AE-A54D-AC8EFB9BDBA5}.Release|iPhone.ActiveCfg = Release|iPhone
		{ED5E34C5-F4D0-40AE-A54D-AC8EFB9BDBA5}.Release|iPhone.Build.0 = Release|iPhone
		{ED5E34C5-F4D0-40AE-A54D-AC8EFB9BDBA5}.Release|iPhone.Deploy.0 = Release|iPhone
		{ED5E34C5-F4D0-40AE-A54D-AC8EFB9BDBA5}.Release|iPhoneSimulator.ActiveCfg = Release|iPhoneSimulator
		{ED5E34C5-F4D0-40AE-A54D-AC8EFB9BDBA5}.Release|iPhoneSimulator.Build.0 = Release|iPhoneSimulator
		{ED5E34C5-F4D0-40AE-A54D-AC8EFB9BDBA5}.Release|iPhoneSimulator.Deploy.0 = Release|iPhoneSimulator
		{0FD6AE65-9B01-4141-AD7B-7D68F4A4AC79}.Ad-Hoc|Any CPU.ActiveCfg = Debug|Any CPU
		{0FD6AE65-9B01-4141-AD7B-7D68F4A4AC79}.Ad-Hoc|Any CPU.Build.0 = Debug|Any CPU
		{0FD6AE65-9B01-4141-AD7B-7D68F4A4AC79}.Ad-Hoc|Any CPU.Deploy.0 = Debug|Any CPU
		{0FD6AE65-9B01-4141-AD7B-7D68F4A4AC79}.Ad-Hoc|iPhone.ActiveCfg = Debug|Any CPU
		{0FD6AE65-9B01-4141-AD7B-7D68F4A4AC79}.Ad-Hoc|iPhone.Build.0 = Debug|Any CPU
		{0FD6AE65-9B01-4141-AD7B-7D68F4A4AC79}.Ad-Hoc|iPhone.Deploy.0 = Debug|Any CPU
		{0FD6AE65-9B01-4141-AD7B-7D68F4A4AC79}.Ad-Hoc|iPhoneSimulator.ActiveCfg = Debug|Any CPU
		{0FD6AE65-9B01-4141-AD7B-7D68F4A4AC79}.Ad-Hoc|iPhoneSimulator.Build.0 = Debug|Any CPU
		{0FD6AE65-9B01-4141-AD7B-7D68F4A4AC79}.Ad-Hoc|iPhoneSimulator.Deploy.0 = Debug|Any CPU
		{0FD6AE65-9B01-4141-AD7B-7D68F4A4AC79}.AppStore|Any CPU.ActiveCfg = Debug|Any CPU
		{0FD6AE65-9B01-4141-AD7B-7D68F4A4AC79}.AppStore|Any CPU.Build.0 = Debug|Any CPU
		{0FD6AE65-9B01-4141-AD7B-7D68F4A4AC79}.AppStore|Any CPU.Deploy.0 = Debug|Any CPU
		{0FD6AE65-9B01-4141-AD7B-7D68F4A4AC79}.AppStore|iPhone.ActiveCfg = Debug|Any CPU
		{0FD6AE65-9B01-4141-AD7B-7D68F4A4AC79}.AppStore|iPhone.Build.0 = Debug|Any CPU
		{0FD6AE65-9B01-4141-AD7B-7D68F4A4AC79}.AppStore|iPhone.Deploy.0 = Debug|Any CPU
		{0FD6AE65-9B01-4141-AD7B-7D68F4A4AC79}.AppStore|iPhoneSimulator.ActiveCfg = Debug|Any CPU
		{0FD6AE65-9B01-4141-AD7B-7D68F4A4AC79}.AppStore|iPhoneSimulator.Build.0 = Debug|Any CPU
		{0FD6AE65-9B01-4141-AD7B-7D68F4A4AC79}.AppStore|iPhoneSimulator.Deploy.0 = Debug|Any CPU
		{0FD6AE65-9B01-4141-AD7B-7D68F4A4AC79}.Debug|Any CPU.ActiveCfg = Debug|Any CPU
		{0FD6AE65-9B01-4141-AD7B-7D68F4A4AC79}.Debug|Any CPU.Build.0 = Debug|Any CPU
		{0FD6AE65-9B01-4141-AD7B-7D68F4A4AC79}.Debug|Any CPU.Deploy.0 = Debug|Any CPU
		{0FD6AE65-9B01-4141-AD7B-7D68F4A4AC79}.Debug|iPhone.ActiveCfg = Debug|Any CPU
		{0FD6AE65-9B01-4141-AD7B-7D68F4A4AC79}.Debug|iPhone.Build.0 = Debug|Any CPU
		{0FD6AE65-9B01-4141-AD7B-7D68F4A4AC79}.Debug|iPhone.Deploy.0 = Debug|Any CPU
		{0FD6AE65-9B01-4141-AD7B-7D68F4A4AC79}.Debug|iPhoneSimulator.ActiveCfg = Debug|Any CPU
		{0FD6AE65-9B01-4141-AD7B-7D68F4A4AC79}.Debug|iPhoneSimulator.Build.0 = Debug|Any CPU
		{0FD6AE65-9B01-4141-AD7B-7D68F4A4AC79}.Debug|iPhoneSimulator.Deploy.0 = Debug|Any CPU
		{0FD6AE65-9B01-4141-AD7B-7D68F4A4AC79}.Release|Any CPU.ActiveCfg = Release|Any CPU
		{0FD6AE65-9B01-4141-AD7B-7D68F4A4AC79}.Release|Any CPU.Build.0 = Release|Any CPU
		{0FD6AE65-9B01-4141-AD7B-7D68F4A4AC79}.Release|Any CPU.Deploy.0 = Release|Any CPU
		{0FD6AE65-9B01-4141-AD7B-7D68F4A4AC79}.Release|iPhone.ActiveCfg = Release|Any CPU
		{0FD6AE65-9B01-4141-AD7B-7D68F4A4AC79}.Release|iPhone.Build.0 = Release|Any CPU
		{0FD6AE65-9B01-4141-AD7B-7D68F4A4AC79}.Release|iPhone.Deploy.0 = Release|Any CPU
		{0FD6AE65-9B01-4141-AD7B-7D68F4A4AC79}.Release|iPhoneSimulator.ActiveCfg = Release|Any CPU
		{0FD6AE65-9B01-4141-AD7B-7D68F4A4AC79}.Release|iPhoneSimulator.Build.0 = Release|Any CPU
		{0FD6AE65-9B01-4141-AD7B-7D68F4A4AC79}.Release|iPhoneSimulator.Deploy.0 = Release|Any CPU
	EndGlobalSection
	GlobalSection(SolutionProperties) = preSolution
		HideSolutionNode = FALSE
	EndGlobalSection
	GlobalSection(ExtensibilityGlobals) = postSolution
		SolutionGuid = {32BE0A3B-E857-49B2-8FF6-1794C751FD71}
	EndGlobalSection
EndGlobal
