
Microsoft Visual Studio Solution File, Format Version 12.00
# Visual Studio 15
VisualStudioVersion = 15.0.27703.2035
MinimumVisualStudioVersion = 10.0.40219.1
Project("{FAE04EC0-301F-11D3-BF4B-00C04F79EFBC}") = "jogr.Android", "jogr\jogr.Android\jogr.Android.csproj", "{B60515DC-D5F6-4322-A588-C83F50CF5CD5}"
EndProject
Project("{FAE04EC0-301F-11D3-BF4B-00C04F79EFBC}") = "jogr.iOS", "jogr\jogr.iOS\jogr.iOS.csproj", "{35D83473-E0A5-447F-AF9F-1D772934D4B2}"
EndProject
Project("{D954291E-2A0B-460D-934E-DC6B0785DB48}") = "jogr", "jogr\jogr\jogr.shproj", "{D114D131-484F-4776-BEB9-C9035BE94CD7}"
EndProject
Global
	GlobalSection(SharedMSBuildProjectFiles) = preSolution
		jogr\jogr\jogr.projitems*{35d83473-e0a5-447f-af9f-1d772934d4b2}*SharedItemsImports = 4
		jogr\jogr\jogr.projitems*{b60515dc-d5f6-4322-a588-c83f50cf5cd5}*SharedItemsImports = 4
		jogr\jogr\jogr.projitems*{d114d131-484f-4776-beb9-c9035be94cd7}*SharedItemsImports = 13
	EndGlobalSection
	GlobalSection(SolutionConfigurationPlatforms) = preSolution
		Ad-Hoc|Any CPU = Ad-Hoc|Any CPU
		Ad-Hoc|iPhone = Ad-Hoc|iPhone
		Ad-Hoc|iPhoneSimulator = Ad-Hoc|iPhoneSimulator
		AppStore|Any CPU = AppStore|Any CPU
		AppStore|iPhone = AppStore|iPhone
		AppStore|iPhoneSimulator = AppStore|iPhoneSimulator
		Debug|Any CPU = Debug|Any CPU
		Debug|iPhone = Debug|iPhone
		Debug|iPhoneSimulator = Debug|iPhoneSimulator
		Release|Any CPU = Release|Any CPU
		Release|iPhone = Release|iPhone
		Release|iPhoneSimulator = Release|iPhoneSimulator
	EndGlobalSection
	GlobalSection(ProjectConfigurationPlatforms) = postSolution
		{B60515DC-D5F6-4322-A588-C83F50CF5CD5}.Ad-Hoc|Any CPU.ActiveCfg = Release|Any CPU
		{B60515DC-D5F6-4322-A588-C83F50CF5CD5}.Ad-Hoc|Any CPU.Build.0 = Release|Any CPU
		{B60515DC-D5F6-4322-A588-C83F50CF5CD5}.Ad-Hoc|Any CPU.Deploy.0 = Release|Any CPU
		{B60515DC-D5F6-4322-A588-C83F50CF5CD5}.Ad-Hoc|iPhone.ActiveCfg = Release|Any CPU
		{B60515DC-D5F6-4322-A588-C83F50CF5CD5}.Ad-Hoc|iPhone.Build.0 = Release|Any CPU
		{B60515DC-D5F6-4322-A588-C83F50CF5CD5}.Ad-Hoc|iPhone.Deploy.0 = Release|Any CPU
		{B60515DC-D5F6-4322-A588-C83F50CF5CD5}.Ad-Hoc|iPhoneSimulator.ActiveCfg = Release|Any CPU
		{B60515DC-D5F6-4322-A588-C83F50CF5CD5}.Ad-Hoc|iPhoneSimulator.Build.0 = Release|Any CPU
		{B60515DC-D5F6-4322-A588-C83F50CF5CD5}.Ad-Hoc|iPhoneSimulator.Deploy.0 = Release|Any CPU
		{B60515DC-D5F6-4322-A588-C83F50CF5CD5}.AppStore|Any CPU.ActiveCfg = Release|Any CPU
		{B60515DC-D5F6-4322-A588-C83F50CF5CD5}.AppStore|Any CPU.Build.0 = Release|Any CPU
		{B60515DC-D5F6-4322-A588-C83F50CF5CD5}.AppStore|Any CPU.Deploy.0 = Release|Any CPU
		{B60515DC-D5F6-4322-A588-C83F50CF5CD5}.AppStore|iPhone.ActiveCfg = Release|Any CPU
		{B60515DC-D5F6-4322-A588-C83F50CF5CD5}.AppStore|iPhone.Build.0 = Release|Any CPU
		{B60515DC-D5F6-4322-A588-C83F50CF5CD5}.AppStore|iPhone.Deploy.0 = Release|Any CPU
		{B60515DC-D5F6-4322-A588-C83F50CF5CD5}.AppStore|iPhoneSimulator.ActiveCfg = Release|Any CPU
		{B60515DC-D5F6-4322-A588-C83F50CF5CD5}.AppStore|iPhoneSimulator.Build.0 = Release|Any CPU
		{B60515DC-D5F6-4322-A588-C83F50CF5CD5}.AppStore|iPhoneSimulator.Deploy.0 = Release|Any CPU
		{B60515DC-D5F6-4322-A588-C83F50CF5CD5}.Debug|Any CPU.ActiveCfg = Debug|Any CPU
		{B60515DC-D5F6-4322-A588-C83F50CF5CD5}.Debug|Any CPU.Build.0 = Debug|Any CPU
		{B60515DC-D5F6-4322-A588-C83F50CF5CD5}.Debug|Any CPU.Deploy.0 = Debug|Any CPU
		{B60515DC-D5F6-4322-A588-C83F50CF5CD5}.Debug|iPhone.ActiveCfg = Debug|Any CPU
		{B60515DC-D5F6-4322-A588-C83F50CF5CD5}.Debug|iPhone.Build.0 = Debug|Any CPU
		{B60515DC-D5F6-4322-A588-C83F50CF5CD5}.Debug|iPhone.Deploy.0 = Debug|Any CPU
		{B60515DC-D5F6-4322-A588-C83F50CF5CD5}.Debug|iPhoneSimulator.ActiveCfg = Debug|Any CPU
		{B60515DC-D5F6-4322-A588-C83F50CF5CD5}.Debug|iPhoneSimulator.Build.0 = Debug|Any CPU
		{B60515DC-D5F6-4322-A588-C83F50CF5CD5}.Debug|iPhoneSimulator.Deploy.0 = Debug|Any CPU
		{B60515DC-D5F6-4322-A588-C83F50CF5CD5}.Release|Any CPU.ActiveCfg = Release|Any CPU
		{B60515DC-D5F6-4322-A588-C83F50CF5CD5}.Release|Any CPU.Build.0 = Release|Any CPU
		{B60515DC-D5F6-4322-A588-C83F50CF5CD5}.Release|Any CPU.Deploy.0 = Release|Any CPU
		{B60515DC-D5F6-4322-A588-C83F50CF5CD5}.Release|iPhone.ActiveCfg = Release|Any CPU
		{B60515DC-D5F6-4322-A588-C83F50CF5CD5}.Release|iPhone.Build.0 = Release|Any CPU
		{B60515DC-D5F6-4322-A588-C83F50CF5CD5}.Release|iPhone.Deploy.0 = Release|Any CPU
		{B60515DC-D5F6-4322-A588-C83F50CF5CD5}.Release|iPhoneSimulator.ActiveCfg = Release|Any CPU
		{B60515DC-D5F6-4322-A588-C83F50CF5CD5}.Release|iPhoneSimulator.Build.0 = Release|Any CPU
		{B60515DC-D5F6-4322-A588-C83F50CF5CD5}.Release|iPhoneSimulator.Deploy.0 = Release|Any CPU
		{35D83473-E0A5-447F-AF9F-1D772934D4B2}.Ad-Hoc|Any CPU.ActiveCfg = Ad-Hoc|iPhone
		{35D83473-E0A5-447F-AF9F-1D772934D4B2}.Ad-Hoc|Any CPU.Build.0 = Ad-Hoc|iPhone
		{35D83473-E0A5-447F-AF9F-1D772934D4B2}.Ad-Hoc|Any CPU.Deploy.0 = Ad-Hoc|iPhone
		{35D83473-E0A5-447F-AF9F-1D772934D4B2}.Ad-Hoc|iPhone.ActiveCfg = Ad-Hoc|iPhone
		{35D83473-E0A5-447F-AF9F-1D772934D4B2}.Ad-Hoc|iPhone.Build.0 = Ad-Hoc|iPhone
		{35D83473-E0A5-447F-AF9F-1D772934D4B2}.Ad-Hoc|iPhone.Deploy.0 = Ad-Hoc|iPhone
		{35D83473-E0A5-447F-AF9F-1D772934D4B2}.Ad-Hoc|iPhoneSimulator.ActiveCfg = Ad-Hoc|iPhoneSimulator
		{35D83473-E0A5-447F-AF9F-1D772934D4B2}.Ad-Hoc|iPhoneSimulator.Build.0 = Ad-Hoc|iPhoneSimulator
		{35D83473-E0A5-447F-AF9F-1D772934D4B2}.Ad-Hoc|iPhoneSimulator.Deploy.0 = Ad-Hoc|iPhoneSimulator
		{35D83473-E0A5-447F-AF9F-1D772934D4B2}.AppStore|Any CPU.ActiveCfg = AppStore|iPhone
		{35D83473-E0A5-447F-AF9F-1D772934D4B2}.AppStore|Any CPU.Build.0 = AppStore|iPhone
		{35D83473-E0A5-447F-AF9F-1D772934D4B2}.AppStore|Any CPU.Deploy.0 = AppStore|iPhone
		{35D83473-E0A5-447F-AF9F-1D772934D4B2}.AppStore|iPhone.ActiveCfg = AppStore|iPhone
		{35D83473-E0A5-447F-AF9F-1D772934D4B2}.AppStore|iPhone.Build.0 = AppStore|iPhone
		{35D83473-E0A5-447F-AF9F-1D772934D4B2}.AppStore|iPhone.Deploy.0 = AppStore|iPhone
		{35D83473-E0A5-447F-AF9F-1D772934D4B2}.AppStore|iPhoneSimulator.ActiveCfg = AppStore|iPhoneSimulator
		{35D83473-E0A5-447F-AF9F-1D772934D4B2}.AppStore|iPhoneSimulator.Build.0 = AppStore|iPhoneSimulator
		{35D83473-E0A5-447F-AF9F-1D772934D4B2}.AppStore|iPhoneSimulator.Deploy.0 = AppStore|iPhoneSimulator
		{35D83473-E0A5-447F-AF9F-1D772934D4B2}.Debug|Any CPU.ActiveCfg = Debug|iPhoneSimulator
		{35D83473-E0A5-447F-AF9F-1D772934D4B2}.Debug|Any CPU.Build.0 = Debug|iPhoneSimulator
		{35D83473-E0A5-447F-AF9F-1D772934D4B2}.Debug|Any CPU.Deploy.0 = Debug|iPhoneSimulator
		{35D83473-E0A5-447F-AF9F-1D772934D4B2}.Debug|iPhone.ActiveCfg = Debug|iPhone
		{35D83473-E0A5-447F-AF9F-1D772934D4B2}.Debug|iPhone.Build.0 = Debug|iPhone
		{35D83473-E0A5-447F-AF9F-1D772934D4B2}.Debug|iPhone.Deploy.0 = Debug|iPhone
		{35D83473-E0A5-447F-AF9F-1D772934D4B2}.Debug|iPhoneSimulator.ActiveCfg = Debug|iPhoneSimulator
		{35D83473-E0A5-447F-AF9F-1D772934D4B2}.Debug|iPhoneSimulator.Build.0 = Debug|iPhoneSimulator
		{35D83473-E0A5-447F-AF9F-1D772934D4B2}.Debug|iPhoneSimulator.Deploy.0 = Debug|iPhoneSimulator
		{35D83473-E0A5-447F-AF9F-1D772934D4B2}.Release|Any CPU.ActiveCfg = Release|iPhone
		{35D83473-E0A5-447F-AF9F-1D772934D4B2}.Release|Any CPU.Build.0 = Release|iPhone
		{35D83473-E0A5-447F-AF9F-1D772934D4B2}.Release|Any CPU.Deploy.0 = Release|iPhone
		{35D83473-E0A5-447F-AF9F-1D772934D4B2}.Release|iPhone.ActiveCfg = Release|iPhone
		{35D83473-E0A5-447F-AF9F-1D772934D4B2}.Release|iPhone.Build.0 = Release|iPhone
		{35D83473-E0A5-447F-AF9F-1D772934D4B2}.Release|iPhone.Deploy.0 = Release|iPhone
		{35D83473-E0A5-447F-AF9F-1D772934D4B2}.Release|iPhoneSimulator.ActiveCfg = Release|iPhoneSimulator
		{35D83473-E0A5-447F-AF9F-1D772934D4B2}.Release|iPhoneSimulator.Build.0 = Release|iPhoneSimulator
		{35D83473-E0A5-447F-AF9F-1D772934D4B2}.Release|iPhoneSimulator.Deploy.0 = Release|iPhoneSimulator
	EndGlobalSection
	GlobalSection(SolutionProperties) = preSolution
		HideSolutionNode = FALSE
	EndGlobalSection
	GlobalSection(ExtensibilityGlobals) = postSolution
		SolutionGuid = {44B24779-C7D8-42D4-A489-2A653244A8E2}
	EndGlobalSection
EndGlobal
